
Microsoft Visual Studio Solution File, Format Version 12.00
# Visual Studio Version 16
VisualStudioVersion = 16.0.31005.135
MinimumVisualStudioVersion = 10.0.40219.1
Project("{FAE04EC0-301F-11D3-BF4B-00C04F79EFBC}") = "ExemploConsumoApi", "ExemploConsumoApi\ExemploConsumoApi.csproj", "{1EDBB65C-CCA0-47DC-B3E0-C78805F12363}"
EndProject
Global
	GlobalSection(SolutionConfigurationPlatforms) = preSolution
		Debug|Any CPU = Debug|Any CPU
		Release|Any CPU = Release|Any CPU
	EndGlobalSection
	GlobalSection(ProjectConfigurationPlatforms) = postSolution
		{1EDBB65C-CCA0-47DC-B3E0-C78805F12363}.Debug|Any CPU.ActiveCfg = Debug|Any CPU
		{1EDBB65C-CCA0-47DC-B3E0-C78805F12363}.Debug|Any CPU.Build.0 = Debug|Any CPU
		{1EDBB65C-CCA0-47DC-B3E0-C78805F12363}.Release|Any CPU.ActiveCfg = Release|Any CPU
		{1EDBB65C-CCA0-47DC-B3E0-C78805F12363}.Release|Any CPU.Build.0 = Release|Any CPU
	EndGlobalSection
	GlobalSection(SolutionProperties) = preSolution
		HideSolutionNode = FALSE
	EndGlobalSection
	GlobalSection(ExtensibilityGlobals) = postSolution
		SolutionGuid = {C86F6149-9F76-4B0B-ABA3-D15CD7A8F1A0}
	EndGlobalSection
EndGlobal
