
Microsoft Visual Studio Solution File, Format Version 12.00
# Visual Studio Version 16
VisualStudioVersion = 16.0.31112.23
MinimumVisualStudioVersion = 10.0.40219.1
Project("{FAE04EC0-301F-11D3-BF4B-00C04F79EFBC}") = "WebApiLogin", "WebApiLogin\WebApiLogin.csproj", "{BABEAE58-24BE-465D-847A-03873A35AE58}"
EndProject
Global
	GlobalSection(SolutionConfigurationPlatforms) = preSolution
		Debug|Any CPU = Debug|Any CPU
		Release|Any CPU = Release|Any CPU
	EndGlobalSection
	GlobalSection(ProjectConfigurationPlatforms) = postSolution
		{BABEAE58-24BE-465D-847A-03873A35AE58}.Debug|Any CPU.ActiveCfg = Debug|Any CPU
		{BABEAE58-24BE-465D-847A-03873A35AE58}.Debug|Any CPU.Build.0 = Debug|Any CPU
		{BABEAE58-24BE-465D-847A-03873A35AE58}.Release|Any CPU.ActiveCfg = Release|Any CPU
		{BABEAE58-24BE-465D-847A-03873A35AE58}.Release|Any CPU.Build.0 = Release|Any CPU
	EndGlobalSection
	GlobalSection(SolutionProperties) = preSolution
		HideSolutionNode = FALSE
	EndGlobalSection
	GlobalSection(ExtensibilityGlobals) = postSolution
		SolutionGuid = {9D2D8EC3-F8F2-4943-BA31-6C1A3D2FC16B}
	EndGlobalSection
EndGlobal
