
Microsoft Visual Studio Solution File, Format Version 12.00
# Visual Studio Version 16
VisualStudioVersion = 16.0.30717.126
MinimumVisualStudioVersion = 10.0.40219.1
Project("{9A19103F-16F7-4668-BE54-9A1E7A4F7556}") = "API01.Etec", "API01.Etec\API01.Etec.csproj", "{5DCAA4AD-13BB-4DEF-A294-429DBF224706}"
EndProject
Project("{9A19103F-16F7-4668-BE54-9A1E7A4F7556}") = "API01.EtecTests", "API01.EtecTests\API01.EtecTests.csproj", "{E7F8D356-54E7-490B-81A2-404D7E35F557}"
EndProject
Global
	GlobalSection(SolutionConfigurationPlatforms) = preSolution
		Debug|Any CPU = Debug|Any CPU
		Release|Any CPU = Release|Any CPU
	EndGlobalSection
	GlobalSection(ProjectConfigurationPlatforms) = postSolution
		{5DCAA4AD-13BB-4DEF-A294-429DBF224706}.Debug|Any CPU.ActiveCfg = Debug|Any CPU
		{5DCAA4AD-13BB-4DEF-A294-429DBF224706}.Debug|Any CPU.Build.0 = Debug|Any CPU
		{5DCAA4AD-13BB-4DEF-A294-429DBF224706}.Release|Any CPU.ActiveCfg = Release|Any CPU
		{5DCAA4AD-13BB-4DEF-A294-429DBF224706}.Release|Any CPU.Build.0 = Release|Any CPU
		{E7F8D356-54E7-490B-81A2-404D7E35F557}.Debug|Any CPU.ActiveCfg = Debug|Any CPU
		{E7F8D356-54E7-490B-81A2-404D7E35F557}.Debug|Any CPU.Build.0 = Debug|Any CPU
		{E7F8D356-54E7-490B-81A2-404D7E35F557}.Release|Any CPU.ActiveCfg = Release|Any CPU
		{E7F8D356-54E7-490B-81A2-404D7E35F557}.Release|Any CPU.Build.0 = Release|Any CPU
	EndGlobalSection
	GlobalSection(SolutionProperties) = preSolution
		HideSolutionNode = FALSE
	EndGlobalSection
	GlobalSection(ExtensibilityGlobals) = postSolution
		SolutionGuid = {4F93238F-6DE6-4E78-BD83-4BF2BB42B341}
	EndGlobalSection
EndGlobal
